
Microsoft Visual Studio Solution File, Format Version 12.00
# Visual Studio 2013
VisualStudioVersion = 12.0.31101.0
MinimumVisualStudioVersion = 10.0.40219.1
Project("{FAE04EC0-301F-11D3-BF4B-00C04F79EFBC}") = "snowscape", "snowscape\snowscape.csproj", "{73E9B9EB-EB08-4098-A8EC-8BD6E1AFB5AF}"
EndProject
Project("{FAE04EC0-301F-11D3-BF4B-00C04F79EFBC}") = "SnowscapeViewer", "SnowscapeViewer\SnowscapeViewer.csproj", "{24828E02-A6E2-4C59-89F1-8B694FCB347A}"
EndProject
Project("{FAE04EC0-301F-11D3-BF4B-00C04F79EFBC}") = "OpenTKExtensions", "OpenTKExtensions\OpenTKExtensions.csproj", "{DC685AA2-F46C-4525-9855-21CCD138E9D6}"
EndProject
Project("{FAE04EC0-301F-11D3-BF4B-00C04F79EFBC}") = "TerrainGeneration", "TerrainGeneration\TerrainGeneration.csproj", "{9D035467-1C64-4D8A-995A-C4AA9A5C0BB2}"
EndProject
Project("{FAE04EC0-301F-11D3-BF4B-00C04F79EFBC}") = "Utils", "Utils\Utils.csproj", "{E66023D1-358E-44B9-BC5B-51F6B205D60F}"
EndProject
Project("{FAE04EC0-301F-11D3-BF4B-00C04F79EFBC}") = "TerrainGenerationViewer", "TerrainGenerationViewer\TerrainGenerationViewer.csproj", "{C92F863E-36A3-4136-A72D-5DCB52775463}"
EndProject
Project("{FAE04EC0-301F-11D3-BF4B-00C04F79EFBC}") = "Resources", "Resources\Resources.csproj", "{4694A2B7-DE02-4B97-B363-E21AAAE65A72}"
EndProject
Project("{FAE04EC0-301F-11D3-BF4B-00C04F79EFBC}") = "OpenTKExtensions.Test", "OpenTKExtensions.Test\OpenTKExtensions.Test.csproj", "{38FA0AEB-4C46-4979-833E-45EAE2BF9ABF}"
EndProject
Project("{2150E333-8FDC-42A3-9474-1A3956D46DE8}") = "Solution Items", "Solution Items", "{3E9DD6B5-402B-43EF-85DF-E923741138C0}"
	ProjectSection(SolutionItems) = preProject
		Local.testsettings = Local.testsettings
		snowscape.vsmdi = snowscape.vsmdi
		TraceAndTestImpact.testsettings = TraceAndTestImpact.testsettings
	EndProjectSection
EndProject
Project("{FAE04EC0-301F-11D3-BF4B-00C04F79EFBC}") = "TerrainRenderer", "TerrainRenderer\TerrainRenderer.csproj", "{72E4F361-90DB-4475-A045-BF358A81090F}"
EndProject
Project("{FAE04EC0-301F-11D3-BF4B-00C04F79EFBC}") = "TerrainRenderer.Test", "TerrainRenderer.Test\TerrainRenderer.Test.csproj", "{B9F804B7-C305-4791-8870-E03FC20922CD}"
EndProject
Project("{FAE04EC0-301F-11D3-BF4B-00C04F79EFBC}") = "Terrain", "Terrain\Terrain.csproj", "{B8883642-EC54-42C3-83C6-CAC66444A5A2}"
EndProject
Project("{FAE04EC0-301F-11D3-BF4B-00C04F79EFBC}") = "Terrain.Test", "Terrain.Test\Terrain.Test.csproj", "{EEDECDA5-87C3-4747-A7C8-7797D8BE9A3D}"
EndProject
Project("{FAE04EC0-301F-11D3-BF4B-00C04F79EFBC}") = "Utils.Test", "Utils.Test\Utils.Test.csproj", "{E7C8F7CA-7B9C-4F39-BE4C-69AE40C1F7EF}"
EndProject
Project("{FAE04EC0-301F-11D3-BF4B-00C04F79EFBC}") = "SDF", "SDF\SDF.csproj", "{5934F5B7-B96F-4D64-B97B-77455D09CA46}"
EndProject
Project("{FAE04EC0-301F-11D3-BF4B-00C04F79EFBC}") = "ImageSDF", "ImageSDF\ImageSDF.csproj", "{198F9BCE-762A-4214-BCFC-F2D2AF85D232}"
EndProject
Global
	GlobalSection(SolutionConfigurationPlatforms) = preSolution
		Debug|Any CPU = Debug|Any CPU
		Debug|Mixed Platforms = Debug|Mixed Platforms
		Debug|x86 = Debug|x86
		Release|Any CPU = Release|Any CPU
		Release|Mixed Platforms = Release|Mixed Platforms
		Release|x86 = Release|x86
	EndGlobalSection
	GlobalSection(ProjectConfigurationPlatforms) = postSolution
		{73E9B9EB-EB08-4098-A8EC-8BD6E1AFB5AF}.Debug|Any CPU.ActiveCfg = Debug|x86
		{73E9B9EB-EB08-4098-A8EC-8BD6E1AFB5AF}.Debug|Mixed Platforms.ActiveCfg = Debug|x86
		{73E9B9EB-EB08-4098-A8EC-8BD6E1AFB5AF}.Debug|Mixed Platforms.Build.0 = Debug|x86
		{73E9B9EB-EB08-4098-A8EC-8BD6E1AFB5AF}.Debug|x86.ActiveCfg = Debug|x86
		{73E9B9EB-EB08-4098-A8EC-8BD6E1AFB5AF}.Debug|x86.Build.0 = Debug|x86
		{73E9B9EB-EB08-4098-A8EC-8BD6E1AFB5AF}.Release|Any CPU.ActiveCfg = Release|x86
		{73E9B9EB-EB08-4098-A8EC-8BD6E1AFB5AF}.Release|Mixed Platforms.ActiveCfg = Release|x86
		{73E9B9EB-EB08-4098-A8EC-8BD6E1AFB5AF}.Release|Mixed Platforms.Build.0 = Release|x86
		{73E9B9EB-EB08-4098-A8EC-8BD6E1AFB5AF}.Release|x86.ActiveCfg = Release|x86
		{73E9B9EB-EB08-4098-A8EC-8BD6E1AFB5AF}.Release|x86.Build.0 = Release|x86
		{24828E02-A6E2-4C59-89F1-8B694FCB347A}.Debug|Any CPU.ActiveCfg = Debug|x86
		{24828E02-A6E2-4C59-89F1-8B694FCB347A}.Debug|Mixed Platforms.ActiveCfg = Debug|x86
		{24828E02-A6E2-4C59-89F1-8B694FCB347A}.Debug|Mixed Platforms.Build.0 = Debug|x86
		{24828E02-A6E2-4C59-89F1-8B694FCB347A}.Debug|x86.ActiveCfg = Debug|x86
		{24828E02-A6E2-4C59-89F1-8B694FCB347A}.Debug|x86.Build.0 = Debug|x86
		{24828E02-A6E2-4C59-89F1-8B694FCB347A}.Release|Any CPU.ActiveCfg = Release|x86
		{24828E02-A6E2-4C59-89F1-8B694FCB347A}.Release|Mixed Platforms.ActiveCfg = Release|x86
		{24828E02-A6E2-4C59-89F1-8B694FCB347A}.Release|Mixed Platforms.Build.0 = Release|x86
		{24828E02-A6E2-4C59-89F1-8B694FCB347A}.Release|x86.ActiveCfg = Release|x86
		{24828E02-A6E2-4C59-89F1-8B694FCB347A}.Release|x86.Build.0 = Release|x86
		{DC685AA2-F46C-4525-9855-21CCD138E9D6}.Debug|Any CPU.ActiveCfg = Debug|x86
		{DC685AA2-F46C-4525-9855-21CCD138E9D6}.Debug|Mixed Platforms.ActiveCfg = Debug|x86
		{DC685AA2-F46C-4525-9855-21CCD138E9D6}.Debug|Mixed Platforms.Build.0 = Debug|x86
		{DC685AA2-F46C-4525-9855-21CCD138E9D6}.Debug|x86.ActiveCfg = Debug|x86
		{DC685AA2-F46C-4525-9855-21CCD138E9D6}.Debug|x86.Build.0 = Debug|x86
		{DC685AA2-F46C-4525-9855-21CCD138E9D6}.Release|Any CPU.ActiveCfg = Release|x86
		{DC685AA2-F46C-4525-9855-21CCD138E9D6}.Release|Mixed Platforms.ActiveCfg = Release|x86
		{DC685AA2-F46C-4525-9855-21CCD138E9D6}.Release|Mixed Platforms.Build.0 = Release|x86
		{DC685AA2-F46C-4525-9855-21CCD138E9D6}.Release|x86.ActiveCfg = Release|x86
		{DC685AA2-F46C-4525-9855-21CCD138E9D6}.Release|x86.Build.0 = Release|x86
		{9D035467-1C64-4D8A-995A-C4AA9A5C0BB2}.Debug|Any CPU.ActiveCfg = Debug|Any CPU
		{9D035467-1C64-4D8A-995A-C4AA9A5C0BB2}.Debug|Any CPU.Build.0 = Debug|Any CPU
		{9D035467-1C64-4D8A-995A-C4AA9A5C0BB2}.Debug|Mixed Platforms.ActiveCfg = Debug|Any CPU
		{9D035467-1C64-4D8A-995A-C4AA9A5C0BB2}.Debug|Mixed Platforms.Build.0 = Debug|Any CPU
		{9D035467-1C64-4D8A-995A-C4AA9A5C0BB2}.Debug|x86.ActiveCfg = Debug|Any CPU
		{9D035467-1C64-4D8A-995A-C4AA9A5C0BB2}.Release|Any CPU.ActiveCfg = Release|Any CPU
		{9D035467-1C64-4D8A-995A-C4AA9A5C0BB2}.Release|Any CPU.Build.0 = Release|Any CPU
		{9D035467-1C64-4D8A-995A-C4AA9A5C0BB2}.Release|Mixed Platforms.ActiveCfg = Release|Any CPU
		{9D035467-1C64-4D8A-995A-C4AA9A5C0BB2}.Release|Mixed Platforms.Build.0 = Release|Any CPU
		{9D035467-1C64-4D8A-995A-C4AA9A5C0BB2}.Release|x86.ActiveCfg = Release|Any CPU
		{E66023D1-358E-44B9-BC5B-51F6B205D60F}.Debug|Any CPU.ActiveCfg = Debug|Any CPU
		{E66023D1-358E-44B9-BC5B-51F6B205D60F}.Debug|Any CPU.Build.0 = Debug|Any CPU
		{E66023D1-358E-44B9-BC5B-51F6B205D60F}.Debug|Mixed Platforms.ActiveCfg = Debug|Any CPU
		{E66023D1-358E-44B9-BC5B-51F6B205D60F}.Debug|Mixed Platforms.Build.0 = Debug|Any CPU
		{E66023D1-358E-44B9-BC5B-51F6B205D60F}.Debug|x86.ActiveCfg = Debug|Any CPU
		{E66023D1-358E-44B9-BC5B-51F6B205D60F}.Release|Any CPU.ActiveCfg = Release|Any CPU
		{E66023D1-358E-44B9-BC5B-51F6B205D60F}.Release|Any CPU.Build.0 = Release|Any CPU
		{E66023D1-358E-44B9-BC5B-51F6B205D60F}.Release|Mixed Platforms.ActiveCfg = Release|Any CPU
		{E66023D1-358E-44B9-BC5B-51F6B205D60F}.Release|Mixed Platforms.Build.0 = Release|Any CPU
		{E66023D1-358E-44B9-BC5B-51F6B205D60F}.Release|x86.ActiveCfg = Release|Any CPU
		{C92F863E-36A3-4136-A72D-5DCB52775463}.Debug|Any CPU.ActiveCfg = Debug|Any CPU
		{C92F863E-36A3-4136-A72D-5DCB52775463}.Debug|Any CPU.Build.0 = Debug|Any CPU
		{C92F863E-36A3-4136-A72D-5DCB52775463}.Debug|Mixed Platforms.ActiveCfg = Debug|Any CPU
		{C92F863E-36A3-4136-A72D-5DCB52775463}.Debug|Mixed Platforms.Build.0 = Debug|Any CPU
		{C92F863E-36A3-4136-A72D-5DCB52775463}.Debug|x86.ActiveCfg = Debug|Any CPU
		{C92F863E-36A3-4136-A72D-5DCB52775463}.Release|Any CPU.ActiveCfg = Release|Any CPU
		{C92F863E-36A3-4136-A72D-5DCB52775463}.Release|Any CPU.Build.0 = Release|Any CPU
		{C92F863E-36A3-4136-A72D-5DCB52775463}.Release|Mixed Platforms.ActiveCfg = Release|Any CPU
		{C92F863E-36A3-4136-A72D-5DCB52775463}.Release|Mixed Platforms.Build.0 = Release|Any CPU
		{C92F863E-36A3-4136-A72D-5DCB52775463}.Release|x86.ActiveCfg = Release|Any CPU
		{4694A2B7-DE02-4B97-B363-E21AAAE65A72}.Debug|Any CPU.ActiveCfg = Debug|Any CPU
		{4694A2B7-DE02-4B97-B363-E21AAAE65A72}.Debug|Any CPU.Build.0 = Debug|Any CPU
		{4694A2B7-DE02-4B97-B363-E21AAAE65A72}.Debug|Mixed Platforms.ActiveCfg = Debug|Any CPU
		{4694A2B7-DE02-4B97-B363-E21AAAE65A72}.Debug|Mixed Platforms.Build.0 = Debug|Any CPU
		{4694A2B7-DE02-4B97-B363-E21AAAE65A72}.Debug|x86.ActiveCfg = Debug|Any CPU
		{4694A2B7-DE02-4B97-B363-E21AAAE65A72}.Release|Any CPU.ActiveCfg = Release|Any CPU
		{4694A2B7-DE02-4B97-B363-E21AAAE65A72}.Release|Any CPU.Build.0 = Release|Any CPU
		{4694A2B7-DE02-4B97-B363-E21AAAE65A72}.Release|Mixed Platforms.ActiveCfg = Release|Any CPU
		{4694A2B7-DE02-4B97-B363-E21AAAE65A72}.Release|Mixed Platforms.Build.0 = Release|Any CPU
		{4694A2B7-DE02-4B97-B363-E21AAAE65A72}.Release|x86.ActiveCfg = Release|Any CPU
		{38FA0AEB-4C46-4979-833E-45EAE2BF9ABF}.Debug|Any CPU.ActiveCfg = Debug|Any CPU
		{38FA0AEB-4C46-4979-833E-45EAE2BF9ABF}.Debug|Any CPU.Build.0 = Debug|Any CPU
		{38FA0AEB-4C46-4979-833E-45EAE2BF9ABF}.Debug|Mixed Platforms.ActiveCfg = Debug|Any CPU
		{38FA0AEB-4C46-4979-833E-45EAE2BF9ABF}.Debug|Mixed Platforms.Build.0 = Debug|Any CPU
		{38FA0AEB-4C46-4979-833E-45EAE2BF9ABF}.Debug|x86.ActiveCfg = Debug|Any CPU
		{38FA0AEB-4C46-4979-833E-45EAE2BF9ABF}.Release|Any CPU.ActiveCfg = Release|Any CPU
		{38FA0AEB-4C46-4979-833E-45EAE2BF9ABF}.Release|Any CPU.Build.0 = Release|Any CPU
		{38FA0AEB-4C46-4979-833E-45EAE2BF9ABF}.Release|Mixed Platforms.ActiveCfg = Release|Any CPU
		{38FA0AEB-4C46-4979-833E-45EAE2BF9ABF}.Release|Mixed Platforms.Build.0 = Release|Any CPU
		{38FA0AEB-4C46-4979-833E-45EAE2BF9ABF}.Release|x86.ActiveCfg = Release|Any CPU
		{72E4F361-90DB-4475-A045-BF358A81090F}.Debug|Any CPU.ActiveCfg = Debug|Any CPU
		{72E4F361-90DB-4475-A045-BF358A81090F}.Debug|Any CPU.Build.0 = Debug|Any CPU
		{72E4F361-90DB-4475-A045-BF358A81090F}.Debug|Mixed Platforms.ActiveCfg = Debug|Any CPU
		{72E4F361-90DB-4475-A045-BF358A81090F}.Debug|Mixed Platforms.Build.0 = Debug|Any CPU
		{72E4F361-90DB-4475-A045-BF358A81090F}.Debug|x86.ActiveCfg = Debug|Any CPU
		{72E4F361-90DB-4475-A045-BF358A81090F}.Release|Any CPU.ActiveCfg = Release|Any CPU
		{72E4F361-90DB-4475-A045-BF358A81090F}.Release|Any CPU.Build.0 = Release|Any CPU
		{72E4F361-90DB-4475-A045-BF358A81090F}.Release|Mixed Platforms.ActiveCfg = Release|Any CPU
		{72E4F361-90DB-4475-A045-BF358A81090F}.Release|Mixed Platforms.Build.0 = Release|Any CPU
		{72E4F361-90DB-4475-A045-BF358A81090F}.Release|x86.ActiveCfg = Release|Any CPU
		{B9F804B7-C305-4791-8870-E03FC20922CD}.Debug|Any CPU.ActiveCfg = Debug|Any CPU
		{B9F804B7-C305-4791-8870-E03FC20922CD}.Debug|Any CPU.Build.0 = Debug|Any CPU
		{B9F804B7-C305-4791-8870-E03FC20922CD}.Debug|Mixed Platforms.ActiveCfg = Debug|Any CPU
		{B9F804B7-C305-4791-8870-E03FC20922CD}.Debug|Mixed Platforms.Build.0 = Debug|Any CPU
		{B9F804B7-C305-4791-8870-E03FC20922CD}.Debug|x86.ActiveCfg = Debug|Any CPU
		{B9F804B7-C305-4791-8870-E03FC20922CD}.Release|Any CPU.ActiveCfg = Release|Any CPU
		{B9F804B7-C305-4791-8870-E03FC20922CD}.Release|Any CPU.Build.0 = Release|Any CPU
		{B9F804B7-C305-4791-8870-E03FC20922CD}.Release|Mixed Platforms.ActiveCfg = Release|Any CPU
		{B9F804B7-C305-4791-8870-E03FC20922CD}.Release|Mixed Platforms.Build.0 = Release|Any CPU
		{B9F804B7-C305-4791-8870-E03FC20922CD}.Release|x86.ActiveCfg = Release|Any CPU
		{B8883642-EC54-42C3-83C6-CAC66444A5A2}.Debug|Any CPU.ActiveCfg = Debug|Any CPU
		{B8883642-EC54-42C3-83C6-CAC66444A5A2}.Debug|Any CPU.Build.0 = Debug|Any CPU
		{B8883642-EC54-42C3-83C6-CAC66444A5A2}.Debug|Mixed Platforms.ActiveCfg = Debug|Any CPU
		{B8883642-EC54-42C3-83C6-CAC66444A5A2}.Debug|Mixed Platforms.Build.0 = Debug|Any CPU
		{B8883642-EC54-42C3-83C6-CAC66444A5A2}.Debug|x86.ActiveCfg = Debug|Any CPU
		{B8883642-EC54-42C3-83C6-CAC66444A5A2}.Release|Any CPU.ActiveCfg = Release|Any CPU
		{B8883642-EC54-42C3-83C6-CAC66444A5A2}.Release|Any CPU.Build.0 = Release|Any CPU
		{B8883642-EC54-42C3-83C6-CAC66444A5A2}.Release|Mixed Platforms.ActiveCfg = Release|Any CPU
		{B8883642-EC54-42C3-83C6-CAC66444A5A2}.Release|Mixed Platforms.Build.0 = Release|Any CPU
		{B8883642-EC54-42C3-83C6-CAC66444A5A2}.Release|x86.ActiveCfg = Release|Any CPU
		{EEDECDA5-87C3-4747-A7C8-7797D8BE9A3D}.Debug|Any CPU.ActiveCfg = Debug|Any CPU
		{EEDECDA5-87C3-4747-A7C8-7797D8BE9A3D}.Debug|Any CPU.Build.0 = Debug|Any CPU
		{EEDECDA5-87C3-4747-A7C8-7797D8BE9A3D}.Debug|Mixed Platforms.ActiveCfg = Debug|Any CPU
		{EEDECDA5-87C3-4747-A7C8-7797D8BE9A3D}.Debug|Mixed Platforms.Build.0 = Debug|Any CPU
		{EEDECDA5-87C3-4747-A7C8-7797D8BE9A3D}.Debug|x86.ActiveCfg = Debug|Any CPU
		{EEDECDA5-87C3-4747-A7C8-7797D8BE9A3D}.Release|Any CPU.ActiveCfg = Release|Any CPU
		{EEDECDA5-87C3-4747-A7C8-7797D8BE9A3D}.Release|Any CPU.Build.0 = Release|Any CPU
		{EEDECDA5-87C3-4747-A7C8-7797D8BE9A3D}.Release|Mixed Platforms.ActiveCfg = Release|Any CPU
		{EEDECDA5-87C3-4747-A7C8-7797D8BE9A3D}.Release|Mixed Platforms.Build.0 = Release|Any CPU
		{EEDECDA5-87C3-4747-A7C8-7797D8BE9A3D}.Release|x86.ActiveCfg = Release|Any CPU
		{E7C8F7CA-7B9C-4F39-BE4C-69AE40C1F7EF}.Debug|Any CPU.ActiveCfg = Debug|Any CPU
		{E7C8F7CA-7B9C-4F39-BE4C-69AE40C1F7EF}.Debug|Any CPU.Build.0 = Debug|Any CPU
		{E7C8F7CA-7B9C-4F39-BE4C-69AE40C1F7EF}.Debug|Mixed Platforms.ActiveCfg = Debug|Any CPU
		{E7C8F7CA-7B9C-4F39-BE4C-69AE40C1F7EF}.Debug|Mixed Platforms.Build.0 = Debug|Any CPU
		{E7C8F7CA-7B9C-4F39-BE4C-69AE40C1F7EF}.Debug|x86.ActiveCfg = Debug|Any CPU
		{E7C8F7CA-7B9C-4F39-BE4C-69AE40C1F7EF}.Release|Any CPU.ActiveCfg = Release|Any CPU
		{E7C8F7CA-7B9C-4F39-BE4C-69AE40C1F7EF}.Release|Any CPU.Build.0 = Release|Any CPU
		{E7C8F7CA-7B9C-4F39-BE4C-69AE40C1F7EF}.Release|Mixed Platforms.ActiveCfg = Release|Any CPU
		{E7C8F7CA-7B9C-4F39-BE4C-69AE40C1F7EF}.Release|Mixed Platforms.Build.0 = Release|Any CPU
		{E7C8F7CA-7B9C-4F39-BE4C-69AE40C1F7EF}.Release|x86.ActiveCfg = Release|Any CPU
		{5934F5B7-B96F-4D64-B97B-77455D09CA46}.Debug|Any CPU.ActiveCfg = Debug|Any CPU
		{5934F5B7-B96F-4D64-B97B-77455D09CA46}.Debug|Any CPU.Build.0 = Debug|Any CPU
		{5934F5B7-B96F-4D64-B97B-77455D09CA46}.Debug|Mixed Platforms.ActiveCfg = Debug|Any CPU
		{5934F5B7-B96F-4D64-B97B-77455D09CA46}.Debug|Mixed Platforms.Build.0 = Debug|Any CPU
		{5934F5B7-B96F-4D64-B97B-77455D09CA46}.Debug|x86.ActiveCfg = Debug|Any CPU
		{5934F5B7-B96F-4D64-B97B-77455D09CA46}.Release|Any CPU.ActiveCfg = Release|Any CPU
		{5934F5B7-B96F-4D64-B97B-77455D09CA46}.Release|Any CPU.Build.0 = Release|Any CPU
		{5934F5B7-B96F-4D64-B97B-77455D09CA46}.Release|Mixed Platforms.ActiveCfg = Release|Any CPU
		{5934F5B7-B96F-4D64-B97B-77455D09CA46}.Release|Mixed Platforms.Build.0 = Release|Any CPU
		{5934F5B7-B96F-4D64-B97B-77455D09CA46}.Release|x86.ActiveCfg = Release|Any CPU
		{198F9BCE-762A-4214-BCFC-F2D2AF85D232}.Debug|Any CPU.ActiveCfg = Debug|Any CPU
		{198F9BCE-762A-4214-BCFC-F2D2AF85D232}.Debug|Any CPU.Build.0 = Debug|Any CPU
		{198F9BCE-762A-4214-BCFC-F2D2AF85D232}.Debug|Mixed Platforms.ActiveCfg = Debug|Any CPU
		{198F9BCE-762A-4214-BCFC-F2D2AF85D232}.Debug|Mixed Platforms.Build.0 = Debug|Any CPU
		{198F9BCE-762A-4214-BCFC-F2D2AF85D232}.Debug|x86.ActiveCfg = Debug|Any CPU
		{198F9BCE-762A-4214-BCFC-F2D2AF85D232}.Release|Any CPU.ActiveCfg = Release|Any CPU
		{198F9BCE-762A-4214-BCFC-F2D2AF85D232}.Release|Any CPU.Build.0 = Release|Any CPU
		{198F9BCE-762A-4214-BCFC-F2D2AF85D232}.Release|Mixed Platforms.ActiveCfg = Release|Any CPU
		{198F9BCE-762A-4214-BCFC-F2D2AF85D232}.Release|Mixed Platforms.Build.0 = Release|Any CPU
		{198F9BCE-762A-4214-BCFC-F2D2AF85D232}.Release|x86.ActiveCfg = Release|Any CPU
	EndGlobalSection
	GlobalSection(SolutionProperties) = preSolution
		HideSolutionNode = FALSE
	EndGlobalSection
	GlobalSection(TestCaseManagementSettings) = postSolution
		CategoryFile = snowscape.vsmdi
	EndGlobalSection
EndGlobal
